
Microsoft Visual Studio Solution File, Format Version 12.00
# Visual Studio Version 17
VisualStudioVersion = 17.3.32922.545
MinimumVisualStudioVersion = 10.0.40219.1
Project("{FAE04EC0-301F-11D3-BF4B-00C04F79EFBC}") = "OppFiAssessment", "OppFiAssessment.csproj", "{D7A49E20-E6A0-4DBE-9288-1869E5C5BAE7}"
EndProject
Global
	GlobalSection(SolutionConfigurationPlatforms) = preSolution
		Debug|Any CPU = Debug|Any CPU
		Release|Any CPU = Release|Any CPU
	EndGlobalSection
	GlobalSection(ProjectConfigurationPlatforms) = postSolution
		{D7A49E20-E6A0-4DBE-9288-1869E5C5BAE7}.Debug|Any CPU.ActiveCfg = Debug|Any CPU
		{D7A49E20-E6A0-4DBE-9288-1869E5C5BAE7}.Debug|Any CPU.Build.0 = Debug|Any CPU
		{D7A49E20-E6A0-4DBE-9288-1869E5C5BAE7}.Release|Any CPU.ActiveCfg = Release|Any CPU
		{D7A49E20-E6A0-4DBE-9288-1869E5C5BAE7}.Release|Any CPU.Build.0 = Release|Any CPU
	EndGlobalSection
	GlobalSection(SolutionProperties) = preSolution
		HideSolutionNode = FALSE
	EndGlobalSection
	GlobalSection(ExtensibilityGlobals) = postSolution
		SolutionGuid = {60CDB24F-63AC-4821-B98A-A65C456EC9F9}
	EndGlobalSection
EndGlobal
